
Microsoft Visual Studio Solution File, Format Version 12.00
# Visual Studio Version 17
VisualStudioVersion = 17.3.32929.385
MinimumVisualStudioVersion = 10.0.40219.1
Project("{9A19103F-16F7-4668-BE54-9A1E7A4F7556}") = "Stage0", "Stage0\Stage0.csproj", "{8F45D133-1200-4EF1-AE26-EBF1B83A07B9}"
EndProject
Project("{2150E333-8FDC-42A3-9474-1A3956D46DE8}") = "Solution Items", "Solution Items", "{C6D655E0-4435-4802-97FF-1699142BCF88}"
	ProjectSection(SolutionItems) = preProject
		README.md = README.md
	EndProjectSection
EndProject
Project("{9A19103F-16F7-4668-BE54-9A1E7A4F7556}") = "DalFacade", "DalFacade\DalFacade.csproj", "{AFA57CD9-48FC-472E-94AE-1EC9205D27B3}"
EndProject
Project("{9A19103F-16F7-4668-BE54-9A1E7A4F7556}") = "DalList", "DalList\DalList.csproj", "{02693B0E-8CA2-4393-886F-1209529281C4}"
EndProject
Project("{9A19103F-16F7-4668-BE54-9A1E7A4F7556}") = "DalTest", "DalTest\DalTest.csproj", "{E4DC85E0-D5F5-4472-B878-EE754DD62A42}"
	ProjectSection(ProjectDependencies) = postProject
		{02693B0E-8CA2-4393-886F-1209529281C4} = {02693B0E-8CA2-4393-886F-1209529281C4}
		{AFA57CD9-48FC-472E-94AE-1EC9205D27B3} = {AFA57CD9-48FC-472E-94AE-1EC9205D27B3}
	EndProjectSection
EndProject
Project("{9A19103F-16F7-4668-BE54-9A1E7A4F7556}") = "DalTestt", "DalTestt\DalTestt.csproj", "{2C674AA6-A9AD-49BB-B200-9E3A75463B3C}"
EndProject
Project("{9A19103F-16F7-4668-BE54-9A1E7A4F7556}") = "BL", "BL\BL.csproj", "{AC2B4D94-2DF0-47C1-8751-7A15EB4037A4}"
EndProject
Project("{9A19103F-16F7-4668-BE54-9A1E7A4F7556}") = "BlTest", "BlTest\BlTest.csproj", "{249316E2-A7FA-413D-A907-09B4F36A8094}"
EndProject
Project("{9A19103F-16F7-4668-BE54-9A1E7A4F7556}") = "PL", "PL\PL.csproj", "{B8411941-7591-4308-B894-F784B03AEF75}"
EndProject
Project("{2150E333-8FDC-42A3-9474-1A3956D46DE8}") = "xml", "xml", "{F0613B0A-463B-4344-8D74-EEE19DD4FECE}"
	ProjectSection(SolutionItems) = preProject
		xml\dal-config.xml = xml\dal-config.xml
	EndProjectSection
EndProject
Global
	GlobalSection(SolutionConfigurationPlatforms) = preSolution
		Debug|Any CPU = Debug|Any CPU
		Release|Any CPU = Release|Any CPU
	EndGlobalSection
	GlobalSection(ProjectConfigurationPlatforms) = postSolution
		{8F45D133-1200-4EF1-AE26-EBF1B83A07B9}.Debug|Any CPU.ActiveCfg = Debug|Any CPU
		{8F45D133-1200-4EF1-AE26-EBF1B83A07B9}.Debug|Any CPU.Build.0 = Debug|Any CPU
		{8F45D133-1200-4EF1-AE26-EBF1B83A07B9}.Release|Any CPU.ActiveCfg = Release|Any CPU
		{8F45D133-1200-4EF1-AE26-EBF1B83A07B9}.Release|Any CPU.Build.0 = Release|Any CPU
		{AFA57CD9-48FC-472E-94AE-1EC9205D27B3}.Debug|Any CPU.ActiveCfg = Debug|Any CPU
		{AFA57CD9-48FC-472E-94AE-1EC9205D27B3}.Debug|Any CPU.Build.0 = Debug|Any CPU
		{AFA57CD9-48FC-472E-94AE-1EC9205D27B3}.Release|Any CPU.ActiveCfg = Release|Any CPU
		{AFA57CD9-48FC-472E-94AE-1EC9205D27B3}.Release|Any CPU.Build.0 = Release|Any CPU
		{02693B0E-8CA2-4393-886F-1209529281C4}.Debug|Any CPU.ActiveCfg = Debug|Any CPU
		{02693B0E-8CA2-4393-886F-1209529281C4}.Debug|Any CPU.Build.0 = Debug|Any CPU
		{02693B0E-8CA2-4393-886F-1209529281C4}.Release|Any CPU.ActiveCfg = Release|Any CPU
		{02693B0E-8CA2-4393-886F-1209529281C4}.Release|Any CPU.Build.0 = Release|Any CPU
		{E4DC85E0-D5F5-4472-B878-EE754DD62A42}.Debug|Any CPU.ActiveCfg = Debug|Any CPU
		{E4DC85E0-D5F5-4472-B878-EE754DD62A42}.Debug|Any CPU.Build.0 = Debug|Any CPU
		{E4DC85E0-D5F5-4472-B878-EE754DD62A42}.Release|Any CPU.ActiveCfg = Release|Any CPU
		{E4DC85E0-D5F5-4472-B878-EE754DD62A42}.Release|Any CPU.Build.0 = Release|Any CPU
		{2C674AA6-A9AD-49BB-B200-9E3A75463B3C}.Debug|Any CPU.ActiveCfg = Debug|Any CPU
		{2C674AA6-A9AD-49BB-B200-9E3A75463B3C}.Debug|Any CPU.Build.0 = Debug|Any CPU
		{2C674AA6-A9AD-49BB-B200-9E3A75463B3C}.Release|Any CPU.ActiveCfg = Release|Any CPU
		{2C674AA6-A9AD-49BB-B200-9E3A75463B3C}.Release|Any CPU.Build.0 = Release|Any CPU
		{AC2B4D94-2DF0-47C1-8751-7A15EB4037A4}.Debug|Any CPU.ActiveCfg = Debug|Any CPU
		{AC2B4D94-2DF0-47C1-8751-7A15EB4037A4}.Debug|Any CPU.Build.0 = Debug|Any CPU
		{AC2B4D94-2DF0-47C1-8751-7A15EB4037A4}.Release|Any CPU.ActiveCfg = Release|Any CPU
		{AC2B4D94-2DF0-47C1-8751-7A15EB4037A4}.Release|Any CPU.Build.0 = Release|Any CPU
		{249316E2-A7FA-413D-A907-09B4F36A8094}.Debug|Any CPU.ActiveCfg = Debug|Any CPU
		{249316E2-A7FA-413D-A907-09B4F36A8094}.Debug|Any CPU.Build.0 = Debug|Any CPU
		{249316E2-A7FA-413D-A907-09B4F36A8094}.Release|Any CPU.ActiveCfg = Release|Any CPU
		{249316E2-A7FA-413D-A907-09B4F36A8094}.Release|Any CPU.Build.0 = Release|Any CPU
		{B8411941-7591-4308-B894-F784B03AEF75}.Debug|Any CPU.ActiveCfg = Debug|Any CPU
		{B8411941-7591-4308-B894-F784B03AEF75}.Debug|Any CPU.Build.0 = Debug|Any CPU
		{B8411941-7591-4308-B894-F784B03AEF75}.Release|Any CPU.ActiveCfg = Release|Any CPU
		{B8411941-7591-4308-B894-F784B03AEF75}.Release|Any CPU.Build.0 = Release|Any CPU
	EndGlobalSection
	GlobalSection(SolutionProperties) = preSolution
		HideSolutionNode = FALSE
	EndGlobalSection
	GlobalSection(NestedProjects) = preSolution
		{02693B0E-8CA2-4393-886F-1209529281C4} = {C6D655E0-4435-4802-97FF-1699142BCF88}
		{E4DC85E0-D5F5-4472-B878-EE754DD62A42} = {C6D655E0-4435-4802-97FF-1699142BCF88}
		{2C674AA6-A9AD-49BB-B200-9E3A75463B3C} = {C6D655E0-4435-4802-97FF-1699142BCF88}
		{AC2B4D94-2DF0-47C1-8751-7A15EB4037A4} = {C6D655E0-4435-4802-97FF-1699142BCF88}
		{249316E2-A7FA-413D-A907-09B4F36A8094} = {C6D655E0-4435-4802-97FF-1699142BCF88}
	EndGlobalSection
	GlobalSection(ExtensibilityGlobals) = postSolution
		SolutionGuid = {A9BE7B43-BB92-40A9-A912-310CFB197223}
	EndGlobalSection
EndGlobal
